
Microsoft Visual Studio Solution File, Format Version 12.00
# Visual Studio 14
VisualStudioVersion = 14.0.25420.1
MinimumVisualStudioVersion = 10.0.40219.1
Project("{FAE04EC0-301F-11D3-BF4B-00C04F79EFBC}") = "Database", "Database\Database.csproj", "{C3B20ED3-179F-49A4-99B3-71772EB241B1}"
EndProject
Project("{FAE04EC0-301F-11D3-BF4B-00C04F79EFBC}") = "Common", "Common\Common.csproj", "{E0BF2657-33F5-4345-9F0B-50E2FB4B7CAB}"
EndProject
Project("{FAE04EC0-301F-11D3-BF4B-00C04F79EFBC}") = "MovieServiceWCF", "MovieServiceWCF\MovieServiceWCF.csproj", "{8AE28385-171D-47A4-B0E9-9F8E9F9A9481}"
EndProject
Global
	GlobalSection(SolutionConfigurationPlatforms) = preSolution
		Debug|Any CPU = Debug|Any CPU
		Release|Any CPU = Release|Any CPU
	EndGlobalSection
	GlobalSection(ProjectConfigurationPlatforms) = postSolution
		{C3B20ED3-179F-49A4-99B3-71772EB241B1}.Debug|Any CPU.ActiveCfg = Debug|Any CPU
		{C3B20ED3-179F-49A4-99B3-71772EB241B1}.Debug|Any CPU.Build.0 = Debug|Any CPU
		{C3B20ED3-179F-49A4-99B3-71772EB241B1}.Release|Any CPU.ActiveCfg = Release|Any CPU
		{C3B20ED3-179F-49A4-99B3-71772EB241B1}.Release|Any CPU.Build.0 = Release|Any CPU
		{E0BF2657-33F5-4345-9F0B-50E2FB4B7CAB}.Debug|Any CPU.ActiveCfg = Debug|Any CPU
		{E0BF2657-33F5-4345-9F0B-50E2FB4B7CAB}.Debug|Any CPU.Build.0 = Debug|Any CPU
		{E0BF2657-33F5-4345-9F0B-50E2FB4B7CAB}.Release|Any CPU.ActiveCfg = Release|Any CPU
		{E0BF2657-33F5-4345-9F0B-50E2FB4B7CAB}.Release|Any CPU.Build.0 = Release|Any CPU
		{8AE28385-171D-47A4-B0E9-9F8E9F9A9481}.Debug|Any CPU.ActiveCfg = Debug|Any CPU
		{8AE28385-171D-47A4-B0E9-9F8E9F9A9481}.Debug|Any CPU.Build.0 = Debug|Any CPU
		{8AE28385-171D-47A4-B0E9-9F8E9F9A9481}.Release|Any CPU.ActiveCfg = Release|Any CPU
		{8AE28385-171D-47A4-B0E9-9F8E9F9A9481}.Release|Any CPU.Build.0 = Release|Any CPU
	EndGlobalSection
	GlobalSection(SolutionProperties) = preSolution
		HideSolutionNode = FALSE
	EndGlobalSection
EndGlobal
